// !$*UTF8*$!
{
	archiveVersion = 1;
	classes = {
	};
	objectVersion = 56;
	objects = {

/* Begin PBXBuildFile section */
		26AD4AE82C7EA28700B5375C /* RoomsLonApp.swift in Sources */ = {isa = PBXBuildFile; fileRef = 26AD4AE72C7EA28700B5375C /* RoomsLonApp.swift */; };
		26AD4AEA2C7EA28700B5375C /* ContentView.swift in Sources */ = {isa = PBXBuildFile; fileRef = 26AD4AE92C7EA28700B5375C /* ContentView.swift */; };
		26AD4AEC2C7EA28A00B5375C /* Assets.xcassets in Resources */ = {isa = PBXBuildFile; fileRef = 26AD4AEB2C7EA28A00B5375C /* Assets.xcassets */; };
		26AD4AEF2C7EA28A00B5375C /* Preview Assets.xcassets in Resources */ = {isa = PBXBuildFile; fileRef = 26AD4AEE2C7EA28A00B5375C /* Preview Assets.xcassets */; };
		26AD4AF72C7EA52500B5375C /* CoreDataManager.swift in Sources */ = {isa = PBXBuildFile; fileRef = 26AD4AF62C7EA52500B5375C /* CoreDataManager.swift */; };
		26AD4AFB2C7EA58600B5375C /* Room+CoreDataClass.swift in Sources */ = {isa = PBXBuildFile; fileRef = 26AD4AFA2C7EA58600B5375C /* Room+CoreDataClass.swift */; };
		26AD4AFD2C7EA5BE00B5375C /* Room+CoreDataProperties.swift in Sources */ = {isa = PBXBuildFile; fileRef = 26AD4AFC2C7EA5BE00B5375C /* Room+CoreDataProperties.swift */; };
		26AD4B002C7EA60500B5375C /* AddRoomScreen.swift in Sources */ = {isa = PBXBuildFile; fileRef = 26AD4AFF2C7EA60500B5375C /* AddRoomScreen.swift */; };
		26AD4B022C7EA64800B5375C /* RoomListScreen.swift in Sources */ = {isa = PBXBuildFile; fileRef = 26AD4B012C7EA64800B5375C /* RoomListScreen.swift */; };
		26AD4B052C7EA69E00B5375C /* UIColorTransformer.swift in Sources */ = {isa = PBXBuildFile; fileRef = 26AD4B042C7EA69E00B5375C /* UIColorTransformer.swift */; };
		26AD4B082C7EA6F700B5375C /* AddRoomViewModel.swift in Sources */ = {isa = PBXBuildFile; fileRef = 26AD4B072C7EA6F700B5375C /* AddRoomViewModel.swift */; };
		26AD4B0A2C7EA71F00B5375C /* RoomListViewModel.swift in Sources */ = {isa = PBXBuildFile; fileRef = 26AD4B092C7EA71F00B5375C /* RoomListViewModel.swift */; };
		26AD4B0D2C7EA78000B5375C /* RoomModel.xcdatamodeld in Sources */ = {isa = PBXBuildFile; fileRef = 26AD4B0B2C7EA78000B5375C /* RoomModel.xcdatamodeld */; };
/* End PBXBuildFile section */

/* Begin PBXFileReference section */
		26AD4AE42C7EA28700B5375C /* RoomsLon.app */ = {isa = PBXFileReference; explicitFileType = wrapper.application; includeInIndex = 0; path = RoomsLon.app; sourceTree = BUILT_PRODUCTS_DIR; };
		26AD4AE72C7EA28700B5375C /* RoomsLonApp.swift */ = {isa = PBXFileReference; lastKnownFileType = sourcecode.swift; path = RoomsLonApp.swift; sourceTree = "<group>"; };
		26AD4AE92C7EA28700B5375C /* ContentView.swift */ = {isa = PBXFileReference; lastKnownFileType = sourcecode.swift; path = ContentView.swift; sourceTree = "<group>"; };
		26AD4AEB2C7EA28A00B5375C /* Assets.xcassets */ = {isa = PBXFileReference; lastKnownFileType = folder.assetcatalog; path = Assets.xcassets; sourceTree = "<group>"; };
		26AD4AEE2C7EA28A00B5375C /* Preview Assets.xcassets */ = {isa = PBXFileReference; lastKnownFileType = folder.assetcatalog; path = "Preview Assets.xcassets"; sourceTree = "<group>"; };
		26AD4AF62C7EA52500B5375C /* CoreDataManager.swift */ = {isa = PBXFileReference; lastKnownFileType = sourcecode.swift; path = CoreDataManager.swift; sourceTree = "<group>"; };
		26AD4AFA2C7EA58600B5375C /* Room+CoreDataClass.swift */ = {isa = PBXFileReference; lastKnownFileType = sourcecode.swift; path = "Room+CoreDataClass.swift"; sourceTree = "<group>"; };
		26AD4AFC2C7EA5BE00B5375C /* Room+CoreDataProperties.swift */ = {isa = PBXFileReference; lastKnownFileType = sourcecode.swift; path = "Room+CoreDataProperties.swift"; sourceTree = "<group>"; };
		26AD4AFF2C7EA60500B5375C /* AddRoomScreen.swift */ = {isa = PBXFileReference; lastKnownFileType = sourcecode.swift; path = AddRoomScreen.swift; sourceTree = "<group>"; };
		26AD4B012C7EA64800B5375C /* RoomListScreen.swift */ = {isa = PBXFileReference; lastKnownFileType = sourcecode.swift; path = RoomListScreen.swift; sourceTree = "<group>"; };
		26AD4B042C7EA69E00B5375C /* UIColorTransformer.swift */ = {isa = PBXFileReference; lastKnownFileType = sourcecode.swift; path = UIColorTransformer.swift; sourceTree = "<group>"; };
		26AD4B072C7EA6F700B5375C /* AddRoomViewModel.swift */ = {isa = PBXFileReference; lastKnownFileType = sourcecode.swift; path = AddRoomViewModel.swift; sourceTree = "<group>"; };
		26AD4B092C7EA71F00B5375C /* RoomListViewModel.swift */ = {isa = PBXFileReference; lastKnownFileType = sourcecode.swift; path = RoomListViewModel.swift; sourceTree = "<group>"; };
		26AD4B0C2C7EA78000B5375C /* RoomModel.xcdatamodel */ = {isa = PBXFileReference; lastKnownFileType = wrapper.xcdatamodel; path = RoomModel.xcdatamodel; sourceTree = "<group>"; };
/* End PBXFileReference section */

/* Begin PBXFrameworksBuildPhase section */
		26AD4AE12C7EA28700B5375C /* Frameworks */ = {
			isa = PBXFrameworksBuildPhase;
			buildActionMask = 2147483647;
			files = (
			);
			runOnlyForDeploymentPostprocessing = 0;
		};
/* End PBXFrameworksBuildPhase section */

/* Begin PBXGroup section */
		26AD4ADB2C7EA28700B5375C = {
			isa = PBXGroup;
			children = (
				26AD4AE62C7EA28700B5375C /* RoomsLon */,
				26AD4AE52C7EA28700B5375C /* Products */,
			);
			sourceTree = "<group>";
		};
		26AD4AE52C7EA28700B5375C /* Products */ = {
			isa = PBXGroup;
			children = (
				26AD4AE42C7EA28700B5375C /* RoomsLon.app */,
			);
			name = Products;
			sourceTree = "<group>";
		};
		26AD4AE62C7EA28700B5375C /* RoomsLon */ = {
			isa = PBXGroup;
			children = (
				26AD4B062C7EA6D500B5375C /* View Models */,
				26AD4B032C7EA67800B5375C /* Transformers */,
				26AD4AFE2C7EA5EC00B5375C /* Screens */,
				26AD4AF92C7EA56200B5375C /* Models */,
				26AD4AF52C7EA50A00B5375C /* Managers */,
				26AD4AE72C7EA28700B5375C /* RoomsLonApp.swift */,
				26AD4AE92C7EA28700B5375C /* ContentView.swift */,
				26AD4AEB2C7EA28A00B5375C /* Assets.xcassets */,
				26AD4AED2C7EA28A00B5375C /* Preview Content */,
				26AD4B0B2C7EA78000B5375C /* RoomModel.xcdatamodeld */,
			);
			path = RoomsLon;
			sourceTree = "<group>";
		};
		26AD4AED2C7EA28A00B5375C /* Preview Content */ = {
			isa = PBXGroup;
			children = (
				26AD4AEE2C7EA28A00B5375C /* Preview Assets.xcassets */,
			);
			path = "Preview Content";
			sourceTree = "<group>";
		};
		26AD4AF52C7EA50A00B5375C /* Managers */ = {
			isa = PBXGroup;
			children = (
				26AD4AF62C7EA52500B5375C /* CoreDataManager.swift */,
			);
			path = Managers;
			sourceTree = "<group>";
		};
		26AD4AF92C7EA56200B5375C /* Models */ = {
			isa = PBXGroup;
			children = (
				26AD4AFA2C7EA58600B5375C /* Room+CoreDataClass.swift */,
				26AD4AFC2C7EA5BE00B5375C /* Room+CoreDataProperties.swift */,
			);
			path = Models;
			sourceTree = "<group>";
		};
		26AD4AFE2C7EA5EC00B5375C /* Screens */ = {
			isa = PBXGroup;
			children = (
				26AD4AFF2C7EA60500B5375C /* AddRoomScreen.swift */,
				26AD4B012C7EA64800B5375C /* RoomListScreen.swift */,
			);
			path = Screens;
			sourceTree = "<group>";
		};
		26AD4B032C7EA67800B5375C /* Transformers */ = {
			isa = PBXGroup;
			children = (
				26AD4B042C7EA69E00B5375C /* UIColorTransformer.swift */,
			);
			path = Transformers;
			sourceTree = "<group>";
		};
		26AD4B062C7EA6D500B5375C /* View Models */ = {
			isa = PBXGroup;
			children = (
				26AD4B072C7EA6F700B5375C /* AddRoomViewModel.swift */,
				26AD4B092C7EA71F00B5375C /* RoomListViewModel.swift */,
			);
			path = "View Models";
			sourceTree = "<group>";
		};
/* End PBXGroup section */

/* Begin PBXNativeTarget section */
		26AD4AE32C7EA28700B5375C /* RoomsLon */ = {
			isa = PBXNativeTarget;
			buildConfigurationList = 26AD4AF22C7EA28A00B5375C /* Build configuration list for PBXNativeTarget "RoomsLon" */;
			buildPhases = (
				26AD4AE02C7EA28700B5375C /* Sources */,
				26AD4AE12C7EA28700B5375C /* Frameworks */,
				26AD4AE22C7EA28700B5375C /* Resources */,
			);
			buildRules = (
			);
			dependencies = (
			);
			name = RoomsLon;
			productName = RoomsLon;
			productReference = 26AD4AE42C7EA28700B5375C /* RoomsLon.app */;
			productType = "com.apple.product-type.application";
		};
/* End PBXNativeTarget section */

/* Begin PBXProject section */
		26AD4ADC2C7EA28700B5375C /* Project object */ = {
			isa = PBXProject;
			attributes = {
				BuildIndependentTargetsInParallel = 1;
				LastSwiftUpdateCheck = 1540;
				LastUpgradeCheck = 1540;
				TargetAttributes = {
					26AD4AE32C7EA28700B5375C = {
						CreatedOnToolsVersion = 15.4;
					};
				};
			};
			buildConfigurationList = 26AD4ADF2C7EA28700B5375C /* Build configuration list for PBXProject "RoomsLon" */;
			compatibilityVersion = "Xcode 14.0";
			developmentRegion = en;
			hasScannedForEncodings = 0;
			knownRegions = (
				en,
				Base,
			);
			mainGroup = 26AD4ADB2C7EA28700B5375C;
			productRefGroup = 26AD4AE52C7EA28700B5375C /* Products */;
			projectDirPath = "";
			projectRoot = "";
			targets = (
				26AD4AE32C7EA28700B5375C /* RoomsLon */,
			);
		};
/* End PBXProject section */

/* Begin PBXResourcesBuildPhase section */
		26AD4AE22C7EA28700B5375C /* Resources */ = {
			isa = PBXResourcesBuildPhase;
			buildActionMask = 2147483647;
			files = (
				26AD4AEF2C7EA28A00B5375C /* Preview Assets.xcassets in Resources */,
				26AD4AEC2C7EA28A00B5375C /* Assets.xcassets in Resources */,
			);
			runOnlyForDeploymentPostprocessing = 0;
		};
/* End PBXResourcesBuildPhase section */

/* Begin PBXSourcesBuildPhase section */
		26AD4AE02C7EA28700B5375C /* Sources */ = {
			isa = PBXSourcesBuildPhase;
			buildActionMask = 2147483647;
			files = (
				26AD4B082C7EA6F700B5375C /* AddRoomViewModel.swift in Sources */,
				26AD4B002C7EA60500B5375C /* AddRoomScreen.swift in Sources */,
				26AD4AFB2C7EA58600B5375C /* Room+CoreDataClass.swift in Sources */,
				26AD4AF72C7EA52500B5375C /* CoreDataManager.swift in Sources */,
				26AD4B052C7EA69E00B5375C /* UIColorTransformer.swift in Sources */,
				26AD4AEA2C7EA28700B5375C /* ContentView.swift in Sources */,
				26AD4AFD2C7EA5BE00B5375C /* Room+CoreDataProperties.swift in Sources */,
				26AD4B0A2C7EA71F00B5375C /* RoomListViewModel.swift in Sources */,
				26AD4B022C7EA64800B5375C /* RoomListScreen.swift in Sources */,
				26AD4AE82C7EA28700B5375C /* RoomsLonApp.swift in Sources */,
				26AD4B0D2C7EA78000B5375C /* RoomModel.xcdatamodeld in Sources */,
			);
			runOnlyForDeploymentPostprocessing = 0;
		};
/* End PBXSourcesBuildPhase section */

/* Begin XCBuildConfiguration section */
		26AD4AF02C7EA28A00B5375C /* Debug */ = {
			isa = XCBuildConfiguration;
			buildSettings = {
				ALWAYS_SEARCH_USER_PATHS = NO;
				ASSETCATALOG_COMPILER_GENERATE_SWIFT_ASSET_SYMBOL_EXTENSIONS = YES;
				CLANG_ANALYZER_NONNULL = YES;
				CLANG_ANALYZER_NUMBER_OBJECT_CONVERSION = YES_AGGRESSIVE;
				CLANG_CXX_LANGUAGE_STANDARD = "gnu++20";
				CLANG_ENABLE_MODULES = YES;
				CLANG_ENABLE_OBJC_ARC = YES;
				CLANG_ENABLE_OBJC_WEAK = YES;
				CLANG_WARN_BLOCK_CAPTURE_AUTORELEASING = YES;
				CLANG_WARN_BOOL_CONVERSION = YES;
				CLANG_WARN_COMMA = YES;
				CLANG_WARN_CONSTANT_CONVERSION = YES;
				CLANG_WARN_DEPRECATED_OBJC_IMPLEMENTATIONS = YES;
				CLANG_WARN_DIRECT_OBJC_ISA_USAGE = YES_ERROR;
				CLANG_WARN_DOCUMENTATION_COMMENTS = YES;
				CLANG_WARN_EMPTY_BODY = YES;
				CLANG_WARN_ENUM_CONVERSION = YES;
				CLANG_WARN_INFINITE_RECURSION = YES;
				CLANG_WARN_INT_CONVERSION = YES;
				CLANG_WARN_NON_LITERAL_NULL_CONVERSION = YES;
				CLANG_WARN_OBJC_IMPLICIT_RETAIN_SELF = YES;
				CLANG_WARN_OBJC_LITERAL_CONVERSION = YES;
				CLANG_WARN_OBJC_ROOT_CLASS = YES_ERROR;
				CLANG_WARN_QUOTED_INCLUDE_IN_FRAMEWORK_HEADER = YES;
				CLANG_WARN_RANGE_LOOP_ANALYSIS = YES;
				CLANG_WARN_STRICT_PROTOTYPES = YES;
				CLANG_WARN_SUSPICIOUS_MOVE = YES;
				CLANG_WARN_UNGUARDED_AVAILABILITY = YES_AGGRESSIVE;
				CLANG_WARN_UNREACHABLE_CODE = YES;
				CLANG_WARN__DUPLICATE_METHOD_MATCH = YES;
				COPY_PHASE_STRIP = NO;
				DEBUG_INFORMATION_FORMAT = dwarf;
				ENABLE_STRICT_OBJC_MSGSEND = YES;
				ENABLE_TESTABILITY = YES;
				ENABLE_USER_SCRIPT_SANDBOXING = YES;
				GCC_C_LANGUAGE_STANDARD = gnu17;
				GCC_DYNAMIC_NO_PIC = NO;
				GCC_NO_COMMON_BLOCKS = YES;
				GCC_OPTIMIZATION_LEVEL = 0;
				GCC_PREPROCESSOR_DEFINITIONS = (
					"DEBUG=1",
					"$(inherited)",
				);
				GCC_WARN_64_TO_32_BIT_CONVERSION = YES;
				GCC_WARN_ABOUT_RETURN_TYPE = YES_ERROR;
				GCC_WARN_UNDECLARED_SELECTOR = YES;
				GCC_WARN_UNINITIALIZED_AUTOS = YES_AGGRESSIVE;
				GCC_WARN_UNUSED_FUNCTION = YES;
				GCC_WARN_UNUSED_VARIABLE = YES;
				IPHONEOS_DEPLOYMENT_TARGET = 16.6;
				LOCALIZATION_PREFERS_STRING_CATALOGS = YES;
				MTL_ENABLE_DEBUG_INFO = INCLUDE_SOURCE;
				MTL_FAST_MATH = YES;
				ONLY_ACTIVE_ARCH = YES;
				SDKROOT = iphoneos;
				SWIFT_ACTIVE_COMPILATION_CONDITIONS = "DEBUG $(inherited)";
				SWIFT_OPTIMIZATION_LEVEL = "-Onone";
			};
			name = Debug;
		};
		26AD4AF12C7EA28A00B5375C /* Release */ = {
			isa = XCBuildConfiguration;
			buildSettings = {
				ALWAYS_SEARCH_USER_PATHS = NO;
				ASSETCATALOG_COMPILER_GENERATE_SWIFT_ASSET_SYMBOL_EXTENSIONS = YES;
				CLANG_ANALYZER_NONNULL = YES;
				CLANG_ANALYZER_NUMBER_OBJECT_CONVERSION = YES_AGGRESSIVE;
				CLANG_CXX_LANGUAGE_STANDARD = "gnu++20";
				CLANG_ENABLE_MODULES = YES;
				CLANG_ENABLE_OBJC_ARC = YES;
				CLANG_ENABLE_OBJC_WEAK = YES;
				CLANG_WARN_BLOCK_CAPTURE_AUTORELEASING = YES;
				CLANG_WARN_BOOL_CONVERSION = YES;
				CLANG_WARN_COMMA = YES;
				CLANG_WARN_CONSTANT_CONVERSION = YES;
				CLANG_WARN_DEPRECATED_OBJC_IMPLEMENTATIONS = YES;
				CLANG_WARN_DIRECT_OBJC_ISA_USAGE = YES_ERROR;
				CLANG_WARN_DOCUMENTATION_COMMENTS = YES;
				CLANG_WARN_EMPTY_BODY = YES;
				CLANG_WARN_ENUM_CONVERSION = YES;
				CLANG_WARN_INFINITE_RECURSION = YES;
				CLANG_WARN_INT_CONVERSION = YES;
				CLANG_WARN_NON_LITERAL_NULL_CONVERSION = YES;
				CLANG_WARN_OBJC_IMPLICIT_RETAIN_SELF = YES;
				CLANG_WARN_OBJC_LITERAL_CONVERSION = YES;
				CLANG_WARN_OBJC_ROOT_CLASS = YES_ERROR;
				CLANG_WARN_QUOTED_INCLUDE_IN_FRAMEWORK_HEADER = YES;
				CLANG_WARN_RANGE_LOOP_ANALYSIS = YES;
				CLANG_WARN_STRICT_PROTOTYPES = YES;
				CLANG_WARN_SUSPICIOUS_MOVE = YES;
				CLANG_WARN_UNGUARDED_AVAILABILITY = YES_AGGRESSIVE;
				CLANG_WARN_UNREACHABLE_CODE = YES;
				CLANG_WARN__DUPLICATE_METHOD_MATCH = YES;
				COPY_PHASE_STRIP = NO;
				DEBUG_INFORMATION_FORMAT = "dwarf-with-dsym";
				ENABLE_NS_ASSERTIONS = NO;
				ENABLE_STRICT_OBJC_MSGSEND = YES;
				ENABLE_USER_SCRIPT_SANDBOXING = YES;
				GCC_C_LANGUAGE_STANDARD = gnu17;
				GCC_NO_COMMON_BLOCKS = YES;
				GCC_WARN_64_TO_32_BIT_CONVERSION = YES;
				GCC_WARN_ABOUT_RETURN_TYPE = YES_ERROR;
				GCC_WARN_UNDECLARED_SELECTOR = YES;
				GCC_WARN_UNINITIALIZED_AUTOS = YES_AGGRESSIVE;
				GCC_WARN_UNUSED_FUNCTION = YES;
				GCC_WARN_UNUSED_VARIABLE = YES;
				IPHONEOS_DEPLOYMENT_TARGET = 16.6;
				LOCALIZATION_PREFERS_STRING_CATALOGS = YES;
				MTL_ENABLE_DEBUG_INFO = NO;
				MTL_FAST_MATH = YES;
				SDKROOT = iphoneos;
				SWIFT_COMPILATION_MODE = wholemodule;
				VALIDATE_PRODUCT = YES;
			};
			name = Release;
		};
		26AD4AF32C7EA28A00B5375C /* Debug */ = {
			isa = XCBuildConfiguration;
			buildSettings = {
				ASSETCATALOG_COMPILER_APPICON_NAME = AppIcon;
				ASSETCATALOG_COMPILER_GLOBAL_ACCENT_COLOR_NAME = AccentColor;
				CODE_SIGN_STYLE = Automatic;
				CURRENT_PROJECT_VERSION = 1;
				DEVELOPMENT_ASSET_PATHS = "\"RoomsLon/Preview Content\"";
				DEVELOPMENT_TEAM = CVY38Y4SCX;
				ENABLE_PREVIEWS = YES;
				GENERATE_INFOPLIST_FILE = YES;
				INFOPLIST_KEY_CFBundleDisplayName = "03 TransformableType";
				INFOPLIST_KEY_UIApplicationSceneManifest_Generation = YES;
				INFOPLIST_KEY_UIApplicationSupportsIndirectInputEvents = YES;
				INFOPLIST_KEY_UILaunchScreen_Generation = YES;
				INFOPLIST_KEY_UISupportedInterfaceOrientations_iPad = "UIInterfaceOrientationPortrait UIInterfaceOrientationPortraitUpsideDown UIInterfaceOrientationLandscapeLeft UIInterfaceOrientationLandscapeRight";
				INFOPLIST_KEY_UISupportedInterfaceOrientations_iPhone = "UIInterfaceOrientationPortrait UIInterfaceOrientationLandscapeLeft UIInterfaceOrientationLandscapeRight";
				IPHONEOS_DEPLOYMENT_TARGET = 16.6;
				LD_RUNPATH_SEARCH_PATHS = (
					"$(inherited)",
					"@executable_path/Frameworks",
				);
				MARKETING_VERSION = 1.0;
				PRODUCT_BUNDLE_IDENTIFIER = net.alonzochoque.RoomsLon;
				PRODUCT_NAME = "$(TARGET_NAME)";
				SWIFT_EMIT_LOC_STRINGS = YES;
				SWIFT_VERSION = 5.0;
				TARGETED_DEVICE_FAMILY = "1,2";
			};
			name = Debug;
		};
		26AD4AF42C7EA28A00B5375C /* Release */ = {
			isa = XCBuildConfiguration;
			buildSettings = {
				ASSETCATALOG_COMPILER_APPICON_NAME = AppIcon;
				ASSETCATALOG_COMPILER_GLOBAL_ACCENT_COLOR_NAME = AccentColor;
				CODE_SIGN_STYLE = Automatic;
				CURRENT_PROJECT_VERSION = 1;
				DEVELOPMENT_ASSET_PATHS = "\"RoomsLon/Preview Content\"";
				DEVELOPMENT_TEAM = CVY38Y4SCX;
				ENABLE_PREVIEWS = YES;
				GENERATE_INFOPLIST_FILE = YES;
				INFOPLIST_KEY_CFBundleDisplayName = "03 TransformableType";
				INFOPLIST_KEY_UIApplicationSceneManifest_Generation = YES;
				INFOPLIST_KEY_UIApplicationSupportsIndirectInputEvents = YES;
				INFOPLIST_KEY_UILaunchScreen_Generation = YES;
				INFOPLIST_KEY_UISupportedInterfaceOrientations_iPad = "UIInterfaceOrientationPortrait UIInterfaceOrientationPortraitUpsideDown UIInterfaceOrientationLandscapeLeft UIInterfaceOrientationLandscapeRight";
				INFOPLIST_KEY_UISupportedInterfaceOrientations_iPhone = "UIInterfaceOrientationPortrait UIInterfaceOrientationLandscapeLeft UIInterfaceOrientationLandscapeRight";
				IPHONEOS_DEPLOYMENT_TARGET = 16.6;
				LD_RUNPATH_SEARCH_PATHS = (
					"$(inherited)",
					"@executable_path/Frameworks",
				);
				MARKETING_VERSION = 1.0;
				PRODUCT_BUNDLE_IDENTIFIER = net.alonzochoque.RoomsLon;
				PRODUCT_NAME = "$(TARGET_NAME)";
				SWIFT_EMIT_LOC_STRINGS = YES;
				SWIFT_VERSION = 5.0;
				TARGETED_DEVICE_FAMILY = "1,2";
			};
			name = Release;
		};
/* End XCBuildConfiguration section */

/* Begin XCConfigurationList section */
		26AD4ADF2C7EA28700B5375C /* Build configuration list for PBXProject "RoomsLon" */ = {
			isa = XCConfigurationList;
			buildConfigurations = (
				26AD4AF02C7EA28A00B5375C /* Debug */,
				26AD4AF12C7EA28A00B5375C /* Release */,
			);
			defaultConfigurationIsVisible = 0;
			defaultConfigurationName = Release;
		};
		26AD4AF22C7EA28A00B5375C /* Build configuration list for PBXNativeTarget "RoomsLon" */ = {
			isa = XCConfigurationList;
			buildConfigurations = (
				26AD4AF32C7EA28A00B5375C /* Debug */,
				26AD4AF42C7EA28A00B5375C /* Release */,
			);
			defaultConfigurationIsVisible = 0;
			defaultConfigurationName = Release;
		};
/* End XCConfigurationList section */

/* Begin XCVersionGroup section */
		26AD4B0B2C7EA78000B5375C /* RoomModel.xcdatamodeld */ = {
			isa = XCVersionGroup;
			children = (
				26AD4B0C2C7EA78000B5375C /* RoomModel.xcdatamodel */,
			);
			currentVersion = 26AD4B0C2C7EA78000B5375C /* RoomModel.xcdatamodel */;
			name = RoomModel.xcdatamodeld;
			path = /Users/macbookair2018/Examples/SwiftUI/swiftui_coredata_ma/03_TransformableTypes/RoomsLon/RoomsLon/RoomModel.xcdatamodeld;
			sourceTree = "<group>";
			versionGroupType = wrapper.xcdatamodel;
		};
/* End XCVersionGroup section */
	};
	rootObject = 26AD4ADC2C7EA28700B5375C /* Project object */;
}
